
Microsoft Visual Studio Solution File, Format Version 12.00
# Visual Studio 15
VisualStudioVersion = 15.0.28307.438
MinimumVisualStudioVersion = 10.0.40219.1
Project("{FAE04EC0-301F-11D3-BF4B-00C04F79EFBC}") = "TradingCardKata", "TradingCardKata\TradingCardKata.csproj", "{A79CC6CF-9D51-4542-8227-4ADE3E4AF0C1}"
EndProject
Project("{FAE04EC0-301F-11D3-BF4B-00C04F79EFBC}") = "TradingCardKata.Tests", "TradingCardKata.Tests\TradingCardKata.Tests.csproj", "{C8DC40BE-8582-4DE3-B3CA-33B8A47753F4}"
EndProject
Global
	GlobalSection(SolutionConfigurationPlatforms) = preSolution
		Debug|Any CPU = Debug|Any CPU
		Release|Any CPU = Release|Any CPU
	EndGlobalSection
	GlobalSection(ProjectConfigurationPlatforms) = postSolution
		{A79CC6CF-9D51-4542-8227-4ADE3E4AF0C1}.Debug|Any CPU.ActiveCfg = Debug|Any CPU
		{A79CC6CF-9D51-4542-8227-4ADE3E4AF0C1}.Debug|Any CPU.Build.0 = Debug|Any CPU
		{A79CC6CF-9D51-4542-8227-4ADE3E4AF0C1}.Release|Any CPU.ActiveCfg = Release|Any CPU
		{A79CC6CF-9D51-4542-8227-4ADE3E4AF0C1}.Release|Any CPU.Build.0 = Release|Any CPU
		{C8DC40BE-8582-4DE3-B3CA-33B8A47753F4}.Debug|Any CPU.ActiveCfg = Debug|Any CPU
		{C8DC40BE-8582-4DE3-B3CA-33B8A47753F4}.Debug|Any CPU.Build.0 = Debug|Any CPU
		{C8DC40BE-8582-4DE3-B3CA-33B8A47753F4}.Release|Any CPU.ActiveCfg = Release|Any CPU
		{C8DC40BE-8582-4DE3-B3CA-33B8A47753F4}.Release|Any CPU.Build.0 = Release|Any CPU
	EndGlobalSection
	GlobalSection(SolutionProperties) = preSolution
		HideSolutionNode = FALSE
	EndGlobalSection
	GlobalSection(ExtensibilityGlobals) = postSolution
		SolutionGuid = {C97AD7E1-BCC7-4AF8-A492-B87ABC07D2FC}
	EndGlobalSection
EndGlobal
